
Microsoft Visual Studio Solution File, Format Version 12.00
# Visual Studio Version 17
VisualStudioVersion = 17.6.33829.357
MinimumVisualStudioVersion = 10.0.40219.1
Project("{888888A0-9F3D-457C-B088-3A5042F75D52}") = "NaCsDataPy", "NaCsDataPy\NaCsDataPy.pyproj", "{CA0FF076-F4B6-4F7E-9C6B-643685227143}"
EndProject
Global
	GlobalSection(SolutionConfigurationPlatforms) = preSolution
		Debug|Any CPU = Debug|Any CPU
		Release|Any CPU = Release|Any CPU
	EndGlobalSection
	GlobalSection(ProjectConfigurationPlatforms) = postSolution
		{CA0FF076-F4B6-4F7E-9C6B-643685227143}.Debug|Any CPU.ActiveCfg = Debug|Any CPU
		{CA0FF076-F4B6-4F7E-9C6B-643685227143}.Release|Any CPU.ActiveCfg = Release|Any CPU
	EndGlobalSection
	GlobalSection(SolutionProperties) = preSolution
		HideSolutionNode = FALSE
	EndGlobalSection
	GlobalSection(ExtensibilityGlobals) = postSolution
		SolutionGuid = {FB7DD2ED-3BC3-4DCB-A5F6-B1A6441A98B9}
	EndGlobalSection
EndGlobal
